
Microsoft Visual Studio Solution File, Format Version 12.00
# Visual Studio Version 17
VisualStudioVersion = 17.4.33213.308
MinimumVisualStudioVersion = 10.0.40219.1
Project("{9A19103F-16F7-4668-BE54-9A1E7A4F7556}") = "Nocturne", "Nocturne\Nocturne.csproj", "{A5D46DA2-DDF8-4FFE-9545-2F4B20814E8A}"
EndProject
Project("{9A19103F-16F7-4668-BE54-9A1E7A4F7556}") = "Nocturne.Core", "Nocturne.Core\Nocturne.Core.csproj", "{96A30B13-F6D2-4D80-A66D-8C78B92A865C}"
EndProject
Project("{9A19103F-16F7-4668-BE54-9A1E7A4F7556}") = "Nocturne.Infrastructure", "Nocturne.Infrastructure\Nocturne.Infrastructure.csproj", "{A0462D69-8EC4-477A-A4EB-B314F7AE2444}"
EndProject
Project("{9A19103F-16F7-4668-BE54-9A1E7A4F7556}") = "Nocturne.InfrastructureTests", "Nocturne.InfrastructureTests1\Nocturne.InfrastructureTests.csproj", "{CD78C8FD-C611-4C8F-BD61-A43F423CFAC7}"
EndProject
Project("{9A19103F-16F7-4668-BE54-9A1E7A4F7556}") = "Nocturne.Api.Client", "Nocturne.Api.Client\Nocturne.Api.Client.csproj", "{0D001BE4-0D31-4F67-B797-D6AC1E0F2AE6}"
EndProject
Global
	GlobalSection(SolutionConfigurationPlatforms) = preSolution
		Debug|Any CPU = Debug|Any CPU
		Release|Any CPU = Release|Any CPU
	EndGlobalSection
	GlobalSection(ProjectConfigurationPlatforms) = postSolution
		{A5D46DA2-DDF8-4FFE-9545-2F4B20814E8A}.Debug|Any CPU.ActiveCfg = Debug|Any CPU
		{A5D46DA2-DDF8-4FFE-9545-2F4B20814E8A}.Debug|Any CPU.Build.0 = Debug|Any CPU
		{A5D46DA2-DDF8-4FFE-9545-2F4B20814E8A}.Release|Any CPU.ActiveCfg = Release|Any CPU
		{A5D46DA2-DDF8-4FFE-9545-2F4B20814E8A}.Release|Any CPU.Build.0 = Release|Any CPU
		{96A30B13-F6D2-4D80-A66D-8C78B92A865C}.Debug|Any CPU.ActiveCfg = Debug|Any CPU
		{96A30B13-F6D2-4D80-A66D-8C78B92A865C}.Debug|Any CPU.Build.0 = Debug|Any CPU
		{96A30B13-F6D2-4D80-A66D-8C78B92A865C}.Release|Any CPU.ActiveCfg = Release|Any CPU
		{96A30B13-F6D2-4D80-A66D-8C78B92A865C}.Release|Any CPU.Build.0 = Release|Any CPU
		{A0462D69-8EC4-477A-A4EB-B314F7AE2444}.Debug|Any CPU.ActiveCfg = Debug|Any CPU
		{A0462D69-8EC4-477A-A4EB-B314F7AE2444}.Debug|Any CPU.Build.0 = Debug|Any CPU
		{A0462D69-8EC4-477A-A4EB-B314F7AE2444}.Release|Any CPU.ActiveCfg = Release|Any CPU
		{A0462D69-8EC4-477A-A4EB-B314F7AE2444}.Release|Any CPU.Build.0 = Release|Any CPU
		{CD78C8FD-C611-4C8F-BD61-A43F423CFAC7}.Debug|Any CPU.ActiveCfg = Debug|Any CPU
		{CD78C8FD-C611-4C8F-BD61-A43F423CFAC7}.Debug|Any CPU.Build.0 = Debug|Any CPU
		{CD78C8FD-C611-4C8F-BD61-A43F423CFAC7}.Release|Any CPU.ActiveCfg = Release|Any CPU
		{CD78C8FD-C611-4C8F-BD61-A43F423CFAC7}.Release|Any CPU.Build.0 = Release|Any CPU
		{0D001BE4-0D31-4F67-B797-D6AC1E0F2AE6}.Debug|Any CPU.ActiveCfg = Debug|Any CPU
		{0D001BE4-0D31-4F67-B797-D6AC1E0F2AE6}.Debug|Any CPU.Build.0 = Debug|Any CPU
		{0D001BE4-0D31-4F67-B797-D6AC1E0F2AE6}.Release|Any CPU.ActiveCfg = Release|Any CPU
		{0D001BE4-0D31-4F67-B797-D6AC1E0F2AE6}.Release|Any CPU.Build.0 = Release|Any CPU
	EndGlobalSection
	GlobalSection(SolutionProperties) = preSolution
		HideSolutionNode = FALSE
	EndGlobalSection
	GlobalSection(ExtensibilityGlobals) = postSolution
		SolutionGuid = {9BD0B25D-0A38-4C42-8967-F78D5F128132}
	EndGlobalSection
EndGlobal
