
Microsoft Visual Studio Solution File, Format Version 12.00
# Visual Studio Version 17
VisualStudioVersion = 17.5.33530.505
MinimumVisualStudioVersion = 10.0.40219.1
Project("{FAE04EC0-301F-11D3-BF4B-00C04F79EFBC}") = "Nocturne.NativeClient", "Nocturne.NativeClient\Nocturne.NativeClient.csproj", "{18F9B08B-7D63-4E51-910A-274B6B324E54}"
EndProject
Global
	GlobalSection(SolutionConfigurationPlatforms) = preSolution
		Debug|Any CPU = Debug|Any CPU
		Release|Any CPU = Release|Any CPU
	EndGlobalSection
	GlobalSection(ProjectConfigurationPlatforms) = postSolution
		{18F9B08B-7D63-4E51-910A-274B6B324E54}.Debug|Any CPU.ActiveCfg = Debug|Any CPU
		{18F9B08B-7D63-4E51-910A-274B6B324E54}.Debug|Any CPU.Build.0 = Debug|Any CPU
		{18F9B08B-7D63-4E51-910A-274B6B324E54}.Release|Any CPU.ActiveCfg = Release|Any CPU
		{18F9B08B-7D63-4E51-910A-274B6B324E54}.Release|Any CPU.Build.0 = Release|Any CPU
	EndGlobalSection
	GlobalSection(SolutionProperties) = preSolution
		HideSolutionNode = FALSE
	EndGlobalSection
	GlobalSection(ExtensibilityGlobals) = postSolution
		SolutionGuid = {D6C6801B-A383-434D-B0F8-4BE9753E6F05}
	EndGlobalSection
EndGlobal
